
Microsoft Visual Studio Solution File, Format Version 12.00
# Visual Studio Version 16
VisualStudioVersion = 16.0.31702.278
MinimumVisualStudioVersion = 10.0.40219.1
Project("{FAE04EC0-301F-11D3-BF4B-00C04F79EFBC}") = "WA BLAZOR.Server", "Server\WA BLAZOR.Server.csproj", "{C01976FA-2634-4FE6-87CD-C21197AC677C}"
EndProject
Project("{FAE04EC0-301F-11D3-BF4B-00C04F79EFBC}") = "WA BLAZOR.Client", "Client\WA BLAZOR.Client.csproj", "{A2D3E0F1-1177-4974-B7F3-A5C733A23D9B}"
EndProject
Project("{FAE04EC0-301F-11D3-BF4B-00C04F79EFBC}") = "WA BLAZOR.Shared", "Shared\WA BLAZOR.Shared.csproj", "{1A5FA447-9745-4F02-A4AF-821BAE20EFDC}"
EndProject
Global
	GlobalSection(SolutionConfigurationPlatforms) = preSolution
		Debug|Any CPU = Debug|Any CPU
		Release|Any CPU = Release|Any CPU
	EndGlobalSection
	GlobalSection(ProjectConfigurationPlatforms) = postSolution
		{C01976FA-2634-4FE6-87CD-C21197AC677C}.Debug|Any CPU.ActiveCfg = Debug|Any CPU
		{C01976FA-2634-4FE6-87CD-C21197AC677C}.Debug|Any CPU.Build.0 = Debug|Any CPU
		{C01976FA-2634-4FE6-87CD-C21197AC677C}.Release|Any CPU.ActiveCfg = Release|Any CPU
		{C01976FA-2634-4FE6-87CD-C21197AC677C}.Release|Any CPU.Build.0 = Release|Any CPU
		{A2D3E0F1-1177-4974-B7F3-A5C733A23D9B}.Debug|Any CPU.ActiveCfg = Debug|Any CPU
		{A2D3E0F1-1177-4974-B7F3-A5C733A23D9B}.Debug|Any CPU.Build.0 = Debug|Any CPU
		{A2D3E0F1-1177-4974-B7F3-A5C733A23D9B}.Release|Any CPU.ActiveCfg = Release|Any CPU
		{A2D3E0F1-1177-4974-B7F3-A5C733A23D9B}.Release|Any CPU.Build.0 = Release|Any CPU
		{1A5FA447-9745-4F02-A4AF-821BAE20EFDC}.Debug|Any CPU.ActiveCfg = Debug|Any CPU
		{1A5FA447-9745-4F02-A4AF-821BAE20EFDC}.Debug|Any CPU.Build.0 = Debug|Any CPU
		{1A5FA447-9745-4F02-A4AF-821BAE20EFDC}.Release|Any CPU.ActiveCfg = Release|Any CPU
		{1A5FA447-9745-4F02-A4AF-821BAE20EFDC}.Release|Any CPU.Build.0 = Release|Any CPU
	EndGlobalSection
	GlobalSection(SolutionProperties) = preSolution
		HideSolutionNode = FALSE
	EndGlobalSection
	GlobalSection(ExtensibilityGlobals) = postSolution
		SolutionGuid = {06AD538D-93D3-481A-8D44-0C91B90CB313}
	EndGlobalSection
EndGlobal
